{
  "nodes": {
    "flake-parts": {
      "inputs": {
        "nixpkgs-lib": [
          "nixpkgs"
        ]
      },
      "locked": {
        "lastModified": 1754487366,
        "narHash": "sha256-pHYj8gUBapuUzKV/kN/tR3Zvqc7o6gdFB9XKXIp1SQ8=",
        "owner": "hercules-ci",
        "repo": "flake-parts",
        "rev": "af66ad14b28a127c5c0f3bbb298218fc63528a18",
        "type": "github"
      },
      "original": {
        "owner": "hercules-ci",
        "repo": "flake-parts",
        "type": "github"
      }
    },
    "neovim-nightly": {
      "inputs": {
        "flake-compat": [],
        "flake-parts": [
          "flake-parts"
        ],
        "git-hooks": [],
        "hercules-ci-effects": [],
        "neovim-src": "neovim-src",
        "nixpkgs": [
          "nixpkgs"
        ],
        "treefmt-nix": []
      },
      "locked": {
        "lastModified": 1755248222,
        "narHash": "sha256-jFchbJjsVUF8kKlLHRrucG23T2iu+920PwWFMfvtksE=",
        "owner": "nix-community",
        "repo": "neovim-nightly-overlay",
        "rev": "73fca33ad4ddc8fe41192e23dae9af0544798653",
        "type": "github"
      },
      "original": {
        "owner": "nix-community",
        "repo": "neovim-nightly-overlay",
        "type": "github"
      }
    },
    "neovim-src": {
      "flake": false,
      "locked": {
        "lastModified": 1755213444,
        "narHash": "sha256-phbfQOUazngOSVscRUPZclPk0Cn+G4XHodbtef9ZT8M=",
        "owner": "neovim",
        "repo": "neovim",
        "rev": "7afcfb6c9ac53cb4192974934d6cdc360f4bebc7",
        "type": "github"
      },
      "original": {
        "owner": "neovim",
        "repo": "neovim",
        "type": "github"
      }
    },
    "nixpkgs": {
      "locked": {
        "lastModified": 1755268003,
        "narHash": "sha256-nNaeJjo861wFR0tjHDyCnHs1rbRtrMgxAKMoig9Sj/w=",
        "owner": "nixos",
        "repo": "nixpkgs",
        "rev": "32f313e49e42f715491e1ea7b306a87c16fe0388",
        "type": "github"
      },
      "original": {
        "owner": "nixos",
        "ref": "nixpkgs-unstable",
        "repo": "nixpkgs",
        "type": "github"
      }
    },
    "nixvim": {
      "inputs": {
        "flake-parts": [
          "flake-parts"
        ],
        "nixpkgs": [
          "nixpkgs"
        ],
        "nuschtosSearch": [],
        "systems": [
          "systems"
        ]
      },
      "locked": {
        "lastModified": 1755095763,
        "narHash": "sha256-cFwtMaONA4uKYk/rBrmFvIAQieZxZytoprzIblTn1HA=",
        "owner": "nix-community",
        "repo": "nixvim",
        "rev": "ecc7880e00a2a735074243d8a664a931d73beace",
        "type": "github"
      },
      "original": {
        "owner": "nix-community",
        "repo": "nixvim",
        "type": "github"
      }
    },
    "nvim-treesitter-textobjects": {
      "flake": false,
      "locked": {
        "lastModified": 1751128959,
        "narHash": "sha256-eQ9N5izC6FfsnvmEksPkaNmUONQbxSd46iidxOvFDlg=",
        "owner": "nvim-treesitter",
        "repo": "nvim-treesitter-textobjects",
        "rev": "b54cec389e98c5b0babbe618773acec927437cab",
        "type": "github"
      },
      "original": {
        "owner": "nvim-treesitter",
        "ref": "main",
        "repo": "nvim-treesitter-textobjects",
        "type": "github"
      }
    },
    "root": {
      "inputs": {
        "flake-parts": "flake-parts",
        "neovim-nightly": "neovim-nightly",
        "nixpkgs": "nixpkgs",
        "nixvim": "nixvim",
        "nvim-treesitter-textobjects": "nvim-treesitter-textobjects",
        "systems": "systems"
      }
    },
    "systems": {
      "locked": {
        "lastModified": 1681028828,
        "narHash": "sha256-Vy1rq5AaRuLzOxct8nz4T6wlgyUR7zLU309k9mBC768=",
        "owner": "nix-systems",
        "repo": "default",
        "rev": "da67096a3b9bf56a91d16901293e51ba5b49a27e",
        "type": "github"
      },
      "original": {
        "owner": "nix-systems",
        "repo": "default",
        "type": "github"
      }
    }
  },
  "root": "root",
  "version": 7
}
